
Microsoft Visual Studio Solution File, Format Version 12.00
# Visual Studio Version 17
VisualStudioVersion = 17.3.32825.248
MinimumVisualStudioVersion = 10.0.40219.1
Project("{9A19103F-16F7-4668-BE54-9A1E7A4F7556}") = "SIFReader", "SIFReader\SIFReader.csproj", "{B5A4C4D0-3BEE-473B-97A9-B7C4BF1AF9C1}"
EndProject
Project("{FAE04EC0-301F-11D3-BF4B-00C04F79EFBC}") = "SIFParser", "SIFParser\SIFParser.csproj", "{583F1E7E-098A-46A4-863E-C3C8DD595978}"
EndProject
Global
	GlobalSection(SolutionConfigurationPlatforms) = preSolution
		Debug|Any CPU = Debug|Any CPU
		Release|Any CPU = Release|Any CPU
	EndGlobalSection
	GlobalSection(ProjectConfigurationPlatforms) = postSolution
		{B5A4C4D0-3BEE-473B-97A9-B7C4BF1AF9C1}.Debug|Any CPU.ActiveCfg = Debug|Any CPU
		{B5A4C4D0-3BEE-473B-97A9-B7C4BF1AF9C1}.Debug|Any CPU.Build.0 = Debug|Any CPU
		{B5A4C4D0-3BEE-473B-97A9-B7C4BF1AF9C1}.Release|Any CPU.ActiveCfg = Release|Any CPU
		{B5A4C4D0-3BEE-473B-97A9-B7C4BF1AF9C1}.Release|Any CPU.Build.0 = Release|Any CPU
		{583F1E7E-098A-46A4-863E-C3C8DD595978}.Debug|Any CPU.ActiveCfg = Debug|Any CPU
		{583F1E7E-098A-46A4-863E-C3C8DD595978}.Debug|Any CPU.Build.0 = Debug|Any CPU
		{583F1E7E-098A-46A4-863E-C3C8DD595978}.Release|Any CPU.ActiveCfg = Release|Any CPU
		{583F1E7E-098A-46A4-863E-C3C8DD595978}.Release|Any CPU.Build.0 = Release|Any CPU
	EndGlobalSection
	GlobalSection(SolutionProperties) = preSolution
		HideSolutionNode = FALSE
	EndGlobalSection
	GlobalSection(ExtensibilityGlobals) = postSolution
		SolutionGuid = {F18FD584-9AAB-4EB2-BFA2-9385A709141C}
	EndGlobalSection
EndGlobal
